
Microsoft Visual Studio Solution File, Format Version 12.00
Project("{FAE04EC0-301F-11D3-BF4B-00C04F79EFBC}") = "RabbitMq.WebApi", "RabbitMq.WebApi\RabbitMq.WebApi.csproj", "{C80DE6A5-D142-4EBD-8521-53E85C1295D9}"
EndProject
Project("{FAE04EC0-301F-11D3-BF4B-00C04F79EFBC}") = "RabbitMq.WorkerService", "RabbitMq.WorkerService\RabbitMq.WorkerService.csproj", "{76810608-DB72-4D54-8163-AB68E579CEC4}"
EndProject
Global
	GlobalSection(SolutionConfigurationPlatforms) = preSolution
		Debug|Any CPU = Debug|Any CPU
		Release|Any CPU = Release|Any CPU
	EndGlobalSection
	GlobalSection(ProjectConfigurationPlatforms) = postSolution
		{C80DE6A5-D142-4EBD-8521-53E85C1295D9}.Debug|Any CPU.ActiveCfg = Debug|Any CPU
		{C80DE6A5-D142-4EBD-8521-53E85C1295D9}.Debug|Any CPU.Build.0 = Debug|Any CPU
		{C80DE6A5-D142-4EBD-8521-53E85C1295D9}.Release|Any CPU.ActiveCfg = Release|Any CPU
		{C80DE6A5-D142-4EBD-8521-53E85C1295D9}.Release|Any CPU.Build.0 = Release|Any CPU
		{76810608-DB72-4D54-8163-AB68E579CEC4}.Debug|Any CPU.ActiveCfg = Debug|Any CPU
		{76810608-DB72-4D54-8163-AB68E579CEC4}.Debug|Any CPU.Build.0 = Debug|Any CPU
		{76810608-DB72-4D54-8163-AB68E579CEC4}.Release|Any CPU.ActiveCfg = Release|Any CPU
		{76810608-DB72-4D54-8163-AB68E579CEC4}.Release|Any CPU.Build.0 = Release|Any CPU
	EndGlobalSection
EndGlobal
